{
  "name": "qiun-ft-ucharts",
  "version": "1.0.0",
  "lockfileVersion": 1,
  "requires": true,
  "dependencies": {
    "@qiun/ft-ucharts": {
      "version": "2.3.8-20220325",
      "resolved": "https://registry.npmjs.org/@qiun/ft-ucharts/-/ft-ucharts-2.3.8-20220325.tgz",
      "integrity": "sha512-mEj2MnZnJaZPMvyCr0wzmgJHWJKFakYNfs4A3oA2iot6cQ0ctVJodQCCqJI4EQcA7nUJasWwKNmPsMZMRyFo0w=="
    }
  }
}
